schema: hermes/skills-lock/v1
skills:
  fable-mode:
    path: .hermes/skills/fable-mode/SKILL.md
    sha256: 4d47b632480f2ce5daff9768b61305a49d71f6e2ffacbe9080e70ced5747e251
  gbrain-sourced-synthesis:
    path: .hermes/skills/gbrain-sourced-synthesis/SKILL.md
    sha256: 94c166d85ece3c18e15767417b00bb6876b26372fc7e546de285f3c64df10bcb
  grillme-questioning:
    path: .hermes/skills/grillme-questioning/SKILL.md
    sha256: a8819a5f6406d1b1cf9aaa450b929d4992a0e78a5d9865c52bed59fdc992f6e9
  hermes-memory:
    path: .hermes/skills/hermes-memory/SKILL.md
    sha256: ae2d8b9ec098f394227387b71366859072e63fc347c36462fcf1ee083177cf76
  pdd-progressive-disclosure:
    path: .hermes/skills/pdd-progressive-disclosure/SKILL.md
    sha256: d4aba8a92b75c72279075a789898f34dc2fe73d9d44ea4c78af8b234358be52c
  pdg-mission-guard:
    path: .hermes/skills/pdg-mission-guard/SKILL.md
    sha256: 6d46d99cfda28c4ef53f6c35df577ec4a8cbcb8b0b703eac07678e61c3f4db77
  project-architecture:
    path: .hermes/skills/project-architecture/SKILL.md
    sha256: c132343011ebbc9bbf1fe6448fa9ea28748533e59d82598e6c6393a17334eec5
  shipguard-browser-scenarios:
    path: .hermes/skills/shipguard-browser-scenarios/SKILL.md
    sha256: c5b3e5656b0a2c73f1d71cde2761f4a5e297bbd49fc29f4291446ab53c2af552
  tdd-red-green:
    path: .hermes/skills/tdd-red-green/SKILL.md
    sha256: 94bb5bdc3cef7dcb7333c2d199b5e8342a1405a883e22f0a647e490858f012cd
